
Microsoft Visual Studio Solution File, Format Version 12.00
# Visual Studio Version 16
VisualStudioVersion = 16.0.31313.79
MinimumVisualStudioVersion = 10.0.40219.1
Project("{9A19103F-16F7-4668-BE54-9A1E7A4F7556}") = "KCinema", "KCinema\KCinema\KCinema.csproj", "{4B18F980-D28A-4812-B676-F8039058B4B2}"
EndProject
Project("{FAE04EC0-301F-11D3-BF4B-00C04F79EFBC}") = "KCinema.Android", "KCinema\KCinema.Android\KCinema.Android.csproj", "{0D80A61A-F147-4577-B7CE-3F1F229F01F6}"
EndProject
Project("{FAE04EC0-301F-11D3-BF4B-00C04F79EFBC}") = "KCinema.iOS", "KCinema\KCinema.iOS\KCinema.iOS.csproj", "{9C00F3B1-D6E2-4CE7-959F-9815EEBD1A78}"
EndProject
Global
	GlobalSection(SolutionConfigurationPlatforms) = preSolution
		Ad-Hoc|Any CPU = Ad-Hoc|Any CPU
		Ad-Hoc|iPhone = Ad-Hoc|iPhone
		Ad-Hoc|iPhoneSimulator = Ad-Hoc|iPhoneSimulator
		AppStore|Any CPU = AppStore|Any CPU
		AppStore|iPhone = AppStore|iPhone
		AppStore|iPhoneSimulator = AppStore|iPhoneSimulator
		Debug|Any CPU = Debug|Any CPU
		Debug|iPhone = Debug|iPhone
		Debug|iPhoneSimulator = Debug|iPhoneSimulator
		Release|Any CPU = Release|Any CPU
		Release|iPhone = Release|iPhone
		Release|iPhoneSimulator = Release|iPhoneSimulator
	EndGlobalSection
	GlobalSection(ProjectConfigurationPlatforms) = postSolution
		{4B18F980-D28A-4812-B676-F8039058B4B2}.Ad-Hoc|Any CPU.ActiveCfg = Release|Any CPU
		{4B18F980-D28A-4812-B676-F8039058B4B2}.Ad-Hoc|Any CPU.Build.0 = Release|Any CPU
		{4B18F980-D28A-4812-B676-F8039058B4B2}.Ad-Hoc|iPhone.ActiveCfg = Debug|Any CPU
		{4B18F980-D28A-4812-B676-F8039058B4B2}.Ad-Hoc|iPhone.Build.0 = Debug|Any CPU
		{4B18F980-D28A-4812-B676-F8039058B4B2}.Ad-Hoc|iPhoneSimulator.ActiveCfg = Release|Any CPU
		{4B18F980-D28A-4812-B676-F8039058B4B2}.Ad-Hoc|iPhoneSimulator.Build.0 = Release|Any CPU
		{4B18F980-D28A-4812-B676-F8039058B4B2}.AppStore|Any CPU.ActiveCfg = Release|Any CPU
		{4B18F980-D28A-4812-B676-F8039058B4B2}.AppStore|Any CPU.Build.0 = Release|Any CPU
		{4B18F980-D28A-4812-B676-F8039058B4B2}.AppStore|iPhone.ActiveCfg = Debug|Any CPU
		{4B18F980-D28A-4812-B676-F8039058B4B2}.AppStore|iPhone.Build.0 = Debug|Any CPU
		{4B18F980-D28A-4812-B676-F8039058B4B2}.AppStore|iPhoneSimulator.ActiveCfg = Release|Any CPU
		{4B18F980-D28A-4812-B676-F8039058B4B2}.AppStore|iPhoneSimulator.Build.0 = Release|Any CPU
		{4B18F980-D28A-4812-B676-F8039058B4B2}.Debug|Any CPU.ActiveCfg = Debug|Any CPU
		{4B18F980-D28A-4812-B676-F8039058B4B2}.Debug|Any CPU.Build.0 = Debug|Any CPU
		{4B18F980-D28A-4812-B676-F8039058B4B2}.Debug|iPhone.ActiveCfg = Debug|Any CPU
		{4B18F980-D28A-4812-B676-F8039058B4B2}.Debug|iPhone.Build.0 = Debug|Any CPU
		{4B18F980-D28A-4812-B676-F8039058B4B2}.Debug|iPhoneSimulator.ActiveCfg = Debug|Any CPU
		{4B18F980-D28A-4812-B676-F8039058B4B2}.Debug|iPhoneSimulator.Build.0 = Debug|Any CPU
		{4B18F980-D28A-4812-B676-F8039058B4B2}.Release|Any CPU.ActiveCfg = Release|Any CPU
		{4B18F980-D28A-4812-B676-F8039058B4B2}.Release|Any CPU.Build.0 = Release|Any CPU
		{4B18F980-D28A-4812-B676-F8039058B4B2}.Release|iPhone.ActiveCfg = Release|Any CPU
		{4B18F980-D28A-4812-B676-F8039058B4B2}.Release|iPhone.Build.0 = Release|Any CPU
		{4B18F980-D28A-4812-B676-F8039058B4B2}.Release|iPhoneSimulator.ActiveCfg = Release|Any CPU
		{4B18F980-D28A-4812-B676-F8039058B4B2}.Release|iPhoneSimulator.Build.0 = Release|Any CPU
		{0D80A61A-F147-4577-B7CE-3F1F229F01F6}.Ad-Hoc|Any CPU.ActiveCfg = Release|Any CPU
		{0D80A61A-F147-4577-B7CE-3F1F229F01F6}.Ad-Hoc|Any CPU.Build.0 = Release|Any CPU
		{0D80A61A-F147-4577-B7CE-3F1F229F01F6}.Ad-Hoc|Any CPU.Deploy.0 = Release|Any CPU
		{0D80A61A-F147-4577-B7CE-3F1F229F01F6}.Ad-Hoc|iPhone.ActiveCfg = Debug|Any CPU
		{0D80A61A-F147-4577-B7CE-3F1F229F01F6}.Ad-Hoc|iPhone.Build.0 = Debug|Any CPU
		{0D80A61A-F147-4577-B7CE-3F1F229F01F6}.Ad-Hoc|iPhone.Deploy.0 = Debug|Any CPU
		{0D80A61A-F147-4577-B7CE-3F1F229F01F6}.Ad-Hoc|iPhoneSimulator.ActiveCfg = Release|Any CPU
		{0D80A61A-F147-4577-B7CE-3F1F229F01F6}.Ad-Hoc|iPhoneSimulator.Build.0 = Release|Any CPU
		{0D80A61A-F147-4577-B7CE-3F1F229F01F6}.Ad-Hoc|iPhoneSimulator.Deploy.0 = Release|Any CPU
		{0D80A61A-F147-4577-B7CE-3F1F229F01F6}.AppStore|Any CPU.ActiveCfg = Release|Any CPU
		{0D80A61A-F147-4577-B7CE-3F1F229F01F6}.AppStore|Any CPU.Build.0 = Release|Any CPU
		{0D80A61A-F147-4577-B7CE-3F1F229F01F6}.AppStore|Any CPU.Deploy.0 = Release|Any CPU
		{0D80A61A-F147-4577-B7CE-3F1F229F01F6}.AppStore|iPhone.ActiveCfg = Debug|Any CPU
		{0D80A61A-F147-4577-B7CE-3F1F229F01F6}.AppStore|iPhone.Build.0 = Debug|Any CPU
		{0D80A61A-F147-4577-B7CE-3F1F229F01F6}.AppStore|iPhone.Deploy.0 = Debug|Any CPU
		{0D80A61A-F147-4577-B7CE-3F1F229F01F6}.AppStore|iPhoneSimulator.ActiveCfg = Release|Any CPU
		{0D80A61A-F147-4577-B7CE-3F1F229F01F6}.AppStore|iPhoneSimulator.Build.0 = Release|Any CPU
		{0D80A61A-F147-4577-B7CE-3F1F229F01F6}.AppStore|iPhoneSimulator.Deploy.0 = Release|Any CPU
		{0D80A61A-F147-4577-B7CE-3F1F229F01F6}.Debug|Any CPU.ActiveCfg = Debug|Any CPU
		{0D80A61A-F147-4577-B7CE-3F1F229F01F6}.Debug|Any CPU.Build.0 = Debug|Any CPU
		{0D80A61A-F147-4577-B7CE-3F1F229F01F6}.Debug|Any CPU.Deploy.0 = Debug|Any CPU
		{0D80A61A-F147-4577-B7CE-3F1F229F01F6}.Debug|iPhone.ActiveCfg = Debug|Any CPU
		{0D80A61A-F147-4577-B7CE-3F1F229F01F6}.Debug|iPhone.Build.0 = Debug|Any CPU
		{0D80A61A-F147-4577-B7CE-3F1F229F01F6}.Debug|iPhone.Deploy.0 = Debug|Any CPU
		{0D80A61A-F147-4577-B7CE-3F1F229F01F6}.Debug|iPhoneSimulator.ActiveCfg = Debug|Any CPU
		{0D80A61A-F147-4577-B7CE-3F1F229F01F6}.Debug|iPhoneSimulator.Build.0 = Debug|Any CPU
		{0D80A61A-F147-4577-B7CE-3F1F229F01F6}.Debug|iPhoneSimulator.Deploy.0 = Debug|Any CPU
		{0D80A61A-F147-4577-B7CE-3F1F229F01F6}.Release|Any CPU.ActiveCfg = Release|Any CPU
		{0D80A61A-F147-4577-B7CE-3F1F229F01F6}.Release|Any CPU.Build.0 = Release|Any CPU
		{0D80A61A-F147-4577-B7CE-3F1F229F01F6}.Release|Any CPU.Deploy.0 = Release|Any CPU
		{0D80A61A-F147-4577-B7CE-3F1F229F01F6}.Release|iPhone.ActiveCfg = Release|Any CPU
		{0D80A61A-F147-4577-B7CE-3F1F229F01F6}.Release|iPhone.Build.0 = Release|Any CPU
		{0D80A61A-F147-4577-B7CE-3F1F229F01F6}.Release|iPhone.Deploy.0 = Release|Any CPU
		{0D80A61A-F147-4577-B7CE-3F1F229F01F6}.Release|iPhoneSimulator.ActiveCfg = Release|Any CPU
		{0D80A61A-F147-4577-B7CE-3F1F229F01F6}.Release|iPhoneSimulator.Build.0 = Release|Any CPU
		{0D80A61A-F147-4577-B7CE-3F1F229F01F6}.Release|iPhoneSimulator.Deploy.0 = Release|Any CPU
		{9C00F3B1-D6E2-4CE7-959F-9815EEBD1A78}.Ad-Hoc|Any CPU.ActiveCfg = Ad-Hoc|iPhoneSimulator
		{9C00F3B1-D6E2-4CE7-959F-9815EEBD1A78}.Ad-Hoc|iPhone.ActiveCfg = Ad-Hoc|iPhone
		{9C00F3B1-D6E2-4CE7-959F-9815EEBD1A78}.Ad-Hoc|iPhone.Build.0 = Ad-Hoc|iPhone
		{9C00F3B1-D6E2-4CE7-959F-9815EEBD1A78}.Ad-Hoc|iPhone.Deploy.0 = Ad-Hoc|iPhone
		{9C00F3B1-D6E2-4CE7-959F-9815EEBD1A78}.Ad-Hoc|iPhoneSimulator.ActiveCfg = Ad-Hoc|iPhoneSimulator
		{9C00F3B1-D6E2-4CE7-959F-9815EEBD1A78}.Ad-Hoc|iPhoneSimulator.Build.0 = Ad-Hoc|iPhoneSimulator
		{9C00F3B1-D6E2-4CE7-959F-9815EEBD1A78}.AppStore|Any CPU.ActiveCfg = AppStore|iPhoneSimulator
		{9C00F3B1-D6E2-4CE7-959F-9815EEBD1A78}.AppStore|iPhone.ActiveCfg = AppStore|iPhone
		{9C00F3B1-D6E2-4CE7-959F-9815EEBD1A78}.AppStore|iPhone.Build.0 = AppStore|iPhone
		{9C00F3B1-D6E2-4CE7-959F-9815EEBD1A78}.AppStore|iPhone.Deploy.0 = AppStore|iPhone
		{9C00F3B1-D6E2-4CE7-959F-9815EEBD1A78}.AppStore|iPhoneSimulator.ActiveCfg = AppStore|iPhoneSimulator
		{9C00F3B1-D6E2-4CE7-959F-9815EEBD1A78}.AppStore|iPhoneSimulator.Build.0 = AppStore|iPhoneSimulator
		{9C00F3B1-D6E2-4CE7-959F-9815EEBD1A78}.Debug|Any CPU.ActiveCfg = Debug|iPhoneSimulator
		{9C00F3B1-D6E2-4CE7-959F-9815EEBD1A78}.Debug|Any CPU.Build.0 = Debug|iPhoneSimulator
		{9C00F3B1-D6E2-4CE7-959F-9815EEBD1A78}.Debug|Any CPU.Deploy.0 = Debug|iPhoneSimulator
		{9C00F3B1-D6E2-4CE7-959F-9815EEBD1A78}.Debug|iPhone.ActiveCfg = Debug|iPhone
		{9C00F3B1-D6E2-4CE7-959F-9815EEBD1A78}.Debug|iPhone.Build.0 = Debug|iPhone
		{9C00F3B1-D6E2-4CE7-959F-9815EEBD1A78}.Debug|iPhone.Deploy.0 = Debug|iPhone
		{9C00F3B1-D6E2-4CE7-959F-9815EEBD1A78}.Debug|iPhoneSimulator.ActiveCfg = Debug|iPhoneSimulator
		{9C00F3B1-D6E2-4CE7-959F-9815EEBD1A78}.Debug|iPhoneSimulator.Build.0 = Debug|iPhoneSimulator
		{9C00F3B1-D6E2-4CE7-959F-9815EEBD1A78}.Debug|iPhoneSimulator.Deploy.0 = Debug|iPhoneSimulator
		{9C00F3B1-D6E2-4CE7-959F-9815EEBD1A78}.Release|Any CPU.ActiveCfg = Release|iPhoneSimulator
		{9C00F3B1-D6E2-4CE7-959F-9815EEBD1A78}.Release|Any CPU.Build.0 = Release|iPhoneSimulator
		{9C00F3B1-D6E2-4CE7-959F-9815EEBD1A78}.Release|Any CPU.Deploy.0 = Release|iPhoneSimulator
		{9C00F3B1-D6E2-4CE7-959F-9815EEBD1A78}.Release|iPhone.ActiveCfg = Release|iPhone
		{9C00F3B1-D6E2-4CE7-959F-9815EEBD1A78}.Release|iPhone.Build.0 = Release|iPhone
		{9C00F3B1-D6E2-4CE7-959F-9815EEBD1A78}.Release|iPhone.Deploy.0 = Release|iPhone
		{9C00F3B1-D6E2-4CE7-959F-9815EEBD1A78}.Release|iPhoneSimulator.ActiveCfg = Release|iPhoneSimulator
		{9C00F3B1-D6E2-4CE7-959F-9815EEBD1A78}.Release|iPhoneSimulator.Build.0 = Release|iPhoneSimulator
		{9C00F3B1-D6E2-4CE7-959F-9815EEBD1A78}.Release|iPhoneSimulator.Deploy.0 = Release|iPhoneSimulator
	EndGlobalSection
	GlobalSection(SolutionProperties) = preSolution
		HideSolutionNode = FALSE
	EndGlobalSection
	GlobalSection(ExtensibilityGlobals) = postSolution
		SolutionGuid = {4A3C23D6-C5D1-404C-B595-AE77D892E37D}
	EndGlobalSection
EndGlobal
